
Microsoft Visual Studio Solution File, Format Version 12.00
# Visual Studio 15
VisualStudioVersion = 15.0.27428.1
MinimumVisualStudioVersion = 10.0.40219.1
Project("{FAE04EC0-301F-11D3-BF4B-00C04F79EFBC}") = "Diary.Android", "Diary\Diary.Android\Diary.Android.csproj", "{7A26E20D-9FD7-4D11-B966-D84ACFAB3E70}"
EndProject
Project("{FAE04EC0-301F-11D3-BF4B-00C04F79EFBC}") = "Diary.iOS", "Diary\Diary.iOS\Diary.iOS.csproj", "{17ED0CC1-2CA9-49C4-B8F5-C64899EEE1A3}"
EndProject
Project("{FAE04EC0-301F-11D3-BF4B-00C04F79EFBC}") = "Diary.UWP", "Diary\Diary.UWP\Diary.UWP.csproj", "{8B1169AC-1E87-4C09-ABA0-2CF774C04E86}"
EndProject
Project("{D954291E-2A0B-460D-934E-DC6B0785DB48}") = "Diary", "Diary\Diary\Diary.shproj", "{7AA99FC8-2FBD-4F75-ACD7-5412BA656CD0}"
EndProject
Project("{9A19103F-16F7-4668-BE54-9A1E7A4F7556}") = "Diary.CloudClient", "Diary.CloudClient\Diary.CloudClient.csproj", "{F98D2A7A-0238-45DF-A82A-21050AD23CDD}"
EndProject
Project("{9A19103F-16F7-4668-BE54-9A1E7A4F7556}") = "Diary.Model", "Diary.Model\Diary.Model.csproj", "{5F8EB016-E627-4D31-9655-694A3BAB9EB4}"
EndProject
Project("{FAE04EC0-301F-11D3-BF4B-00C04F79EFBC}") = "Diary.Model.Tests", "Diary.Model.Tests\Diary.Model.Tests.csproj", "{CC2EEE11-2FE3-4F93-A921-10D262CE687E}"
EndProject
Global
	GlobalSection(SharedMSBuildProjectFiles) = preSolution
		Diary\Diary\Diary.projitems*{17ed0cc1-2ca9-49c4-b8f5-c64899eee1a3}*SharedItemsImports = 4
		Diary\Diary\Diary.projitems*{7a26e20d-9fd7-4d11-b966-d84acfab3e70}*SharedItemsImports = 4
		Diary\Diary\Diary.projitems*{7aa99fc8-2fbd-4f75-acd7-5412ba656cd0}*SharedItemsImports = 13
		Diary\Diary\Diary.projitems*{8b1169ac-1e87-4c09-aba0-2cf774c04e86}*SharedItemsImports = 4
	EndGlobalSection
	GlobalSection(SolutionConfigurationPlatforms) = preSolution
		Ad-Hoc|Any CPU = Ad-Hoc|Any CPU
		Ad-Hoc|ARM = Ad-Hoc|ARM
		Ad-Hoc|iPhone = Ad-Hoc|iPhone
		Ad-Hoc|iPhoneSimulator = Ad-Hoc|iPhoneSimulator
		Ad-Hoc|x64 = Ad-Hoc|x64
		Ad-Hoc|x86 = Ad-Hoc|x86
		AppStore|Any CPU = AppStore|Any CPU
		AppStore|ARM = AppStore|ARM
		AppStore|iPhone = AppStore|iPhone
		AppStore|iPhoneSimulator = AppStore|iPhoneSimulator
		AppStore|x64 = AppStore|x64
		AppStore|x86 = AppStore|x86
		Debug|Any CPU = Debug|Any CPU
		Debug|ARM = Debug|ARM
		Debug|iPhone = Debug|iPhone
		Debug|iPhoneSimulator = Debug|iPhoneSimulator
		Debug|x64 = Debug|x64
		Debug|x86 = Debug|x86
		Release|Any CPU = Release|Any CPU
		Release|ARM = Release|ARM
		Release|iPhone = Release|iPhone
		Release|iPhoneSimulator = Release|iPhoneSimulator
		Release|x64 = Release|x64
		Release|x86 = Release|x86
	EndGlobalSection
	GlobalSection(ProjectConfigurationPlatforms) = postSolution
		{7A26E20D-9FD7-4D11-B966-D84ACFAB3E70}.Ad-Hoc|Any CPU.ActiveCfg = Release|Any CPU
		{7A26E20D-9FD7-4D11-B966-D84ACFAB3E70}.Ad-Hoc|Any CPU.Build.0 = Release|Any CPU
		{7A26E20D-9FD7-4D11-B966-D84ACFAB3E70}.Ad-Hoc|Any CPU.Deploy.0 = Release|Any CPU
		{7A26E20D-9FD7-4D11-B966-D84ACFAB3E70}.Ad-Hoc|ARM.ActiveCfg = Release|Any CPU
		{7A26E20D-9FD7-4D11-B966-D84ACFAB3E70}.Ad-Hoc|ARM.Build.0 = Release|Any CPU
		{7A26E20D-9FD7-4D11-B966-D84ACFAB3E70}.Ad-Hoc|ARM.Deploy.0 = Release|Any CPU
		{7A26E20D-9FD7-4D11-B966-D84ACFAB3E70}.Ad-Hoc|iPhone.ActiveCfg = Release|Any CPU
		{7A26E20D-9FD7-4D11-B966-D84ACFAB3E70}.Ad-Hoc|iPhone.Build.0 = Release|Any CPU
		{7A26E20D-9FD7-4D11-B966-D84ACFAB3E70}.Ad-Hoc|iPhone.Deploy.0 = Release|Any CPU
		{7A26E20D-9FD7-4D11-B966-D84ACFAB3E70}.Ad-Hoc|iPhoneSimulator.ActiveCfg = Release|Any CPU
		{7A26E20D-9FD7-4D11-B966-D84ACFAB3E70}.Ad-Hoc|iPhoneSimulator.Build.0 = Release|Any CPU
		{7A26E20D-9FD7-4D11-B966-D84ACFAB3E70}.Ad-Hoc|iPhoneSimulator.Deploy.0 = Release|Any CPU
		{7A26E20D-9FD7-4D11-B966-D84ACFAB3E70}.Ad-Hoc|x64.ActiveCfg = Release|Any CPU
		{7A26E20D-9FD7-4D11-B966-D84ACFAB3E70}.Ad-Hoc|x64.Build.0 = Release|Any CPU
		{7A26E20D-9FD7-4D11-B966-D84ACFAB3E70}.Ad-Hoc|x64.Deploy.0 = Release|Any CPU
		{7A26E20D-9FD7-4D11-B966-D84ACFAB3E70}.Ad-Hoc|x86.ActiveCfg = Release|Any CPU
		{7A26E20D-9FD7-4D11-B966-D84ACFAB3E70}.Ad-Hoc|x86.Build.0 = Release|Any CPU
		{7A26E20D-9FD7-4D11-B966-D84ACFAB3E70}.Ad-Hoc|x86.Deploy.0 = Release|Any CPU
		{7A26E20D-9FD7-4D11-B966-D84ACFAB3E70}.AppStore|Any CPU.ActiveCfg = Release|Any CPU
		{7A26E20D-9FD7-4D11-B966-D84ACFAB3E70}.AppStore|Any CPU.Build.0 = Release|Any CPU
		{7A26E20D-9FD7-4D11-B966-D84ACFAB3E70}.AppStore|Any CPU.Deploy.0 = Release|Any CPU
		{7A26E20D-9FD7-4D11-B966-D84ACFAB3E70}.AppStore|ARM.ActiveCfg = Release|Any CPU
		{7A26E20D-9FD7-4D11-B966-D84ACFAB3E70}.AppStore|ARM.Build.0 = Release|Any CPU
		{7A26E20D-9FD7-4D11-B966-D84ACFAB3E70}.AppStore|ARM.Deploy.0 = Release|Any CPU
		{7A26E20D-9FD7-4D11-B966-D84ACFAB3E70}.AppStore|iPhone.ActiveCfg = Release|Any CPU
		{7A26E20D-9FD7-4D11-B966-D84ACFAB3E70}.AppStore|iPhone.Build.0 = Release|Any CPU
		{7A26E20D-9FD7-4D11-B966-D84ACFAB3E70}.AppStore|iPhone.Deploy.0 = Release|Any CPU
		{7A26E20D-9FD7-4D11-B966-D84ACFAB3E70}.AppStore|iPhoneSimulator.ActiveCfg = Release|Any CPU
		{7A26E20D-9FD7-4D11-B966-D84ACFAB3E70}.AppStore|iPhoneSimulator.Build.0 = Release|Any CPU
		{7A26E20D-9FD7-4D11-B966-D84ACFAB3E70}.AppStore|iPhoneSimulator.Deploy.0 = Release|Any CPU
		{7A26E20D-9FD7-4D11-B966-D84ACFAB3E70}.AppStore|x64.ActiveCfg = Release|Any CPU
		{7A26E20D-9FD7-4D11-B966-D84ACFAB3E70}.AppStore|x64.Build.0 = Release|Any CPU
		{7A26E20D-9FD7-4D11-B966-D84ACFAB3E70}.AppStore|x64.Deploy.0 = Release|Any CPU
		{7A26E20D-9FD7-4D11-B966-D84ACFAB3E70}.AppStore|x86.ActiveCfg = Release|Any CPU
		{7A26E20D-9FD7-4D11-B966-D84ACFAB3E70}.AppStore|x86.Build.0 = Release|Any CPU
		{7A26E20D-9FD7-4D11-B966-D84ACFAB3E70}.AppStore|x86.Deploy.0 = Release|Any CPU
		{7A26E20D-9FD7-4D11-B966-D84ACFAB3E70}.Debug|Any CPU.ActiveCfg = Debug|Any CPU
		{7A26E20D-9FD7-4D11-B966-D84ACFAB3E70}.Debug|Any CPU.Build.0 = Debug|Any CPU
		{7A26E20D-9FD7-4D11-B966-D84ACFAB3E70}.Debug|Any CPU.Deploy.0 = Debug|Any CPU
		{7A26E20D-9FD7-4D11-B966-D84ACFAB3E70}.Debug|ARM.ActiveCfg = Debug|Any CPU
		{7A26E20D-9FD7-4D11-B966-D84ACFAB3E70}.Debug|ARM.Build.0 = Debug|Any CPU
		{7A26E20D-9FD7-4D11-B966-D84ACFAB3E70}.Debug|ARM.Deploy.0 = Debug|Any CPU
		{7A26E20D-9FD7-4D11-B966-D84ACFAB3E70}.Debug|iPhone.ActiveCfg = Debug|Any CPU
		{7A26E20D-9FD7-4D11-B966-D84ACFAB3E70}.Debug|iPhone.Build.0 = Debug|Any CPU
		{7A26E20D-9FD7-4D11-B966-D84ACFAB3E70}.Debug|iPhone.Deploy.0 = Debug|Any CPU
		{7A26E20D-9FD7-4D11-B966-D84ACFAB3E70}.Debug|iPhoneSimulator.ActiveCfg = Debug|Any CPU
		{7A26E20D-9FD7-4D11-B966-D84ACFAB3E70}.Debug|iPhoneSimulator.Build.0 = Debug|Any CPU
		{7A26E20D-9FD7-4D11-B966-D84ACFAB3E70}.Debug|iPhoneSimulator.Deploy.0 = Debug|Any CPU
		{7A26E20D-9FD7-4D11-B966-D84ACFAB3E70}.Debug|x64.ActiveCfg = Debug|Any CPU
		{7A26E20D-9FD7-4D11-B966-D84ACFAB3E70}.Debug|x64.Build.0 = Debug|Any CPU
		{7A26E20D-9FD7-4D11-B966-D84ACFAB3E70}.Debug|x64.Deploy.0 = Debug|Any CPU
		{7A26E20D-9FD7-4D11-B966-D84ACFAB3E70}.Debug|x86.ActiveCfg = Debug|Any CPU
		{7A26E20D-9FD7-4D11-B966-D84ACFAB3E70}.Debug|x86.Build.0 = Debug|Any CPU
		{7A26E20D-9FD7-4D11-B966-D84ACFAB3E70}.Debug|x86.Deploy.0 = Debug|Any CPU
		{7A26E20D-9FD7-4D11-B966-D84ACFAB3E70}.Release|Any CPU.ActiveCfg = Release|Any CPU
		{7A26E20D-9FD7-4D11-B966-D84ACFAB3E70}.Release|Any CPU.Build.0 = Release|Any CPU
		{7A26E20D-9FD7-4D11-B966-D84ACFAB3E70}.Release|Any CPU.Deploy.0 = Release|Any CPU
		{7A26E20D-9FD7-4D11-B966-D84ACFAB3E70}.Release|ARM.ActiveCfg = Release|Any CPU
		{7A26E20D-9FD7-4D11-B966-D84ACFAB3E70}.Release|ARM.Build.0 = Release|Any CPU
		{7A26E20D-9FD7-4D11-B966-D84ACFAB3E70}.Release|ARM.Deploy.0 = Release|Any CPU
		{7A26E20D-9FD7-4D11-B966-D84ACFAB3E70}.Release|iPhone.ActiveCfg = Release|Any CPU
		{7A26E20D-9FD7-4D11-B966-D84ACFAB3E70}.Release|iPhone.Build.0 = Release|Any CPU
		{7A26E20D-9FD7-4D11-B966-D84ACFAB3E70}.Release|iPhone.Deploy.0 = Release|Any CPU
		{7A26E20D-9FD7-4D11-B966-D84ACFAB3E70}.Release|iPhoneSimulator.ActiveCfg = Release|Any CPU
		{7A26E20D-9FD7-4D11-B966-D84ACFAB3E70}.Release|iPhoneSimulator.Build.0 = Release|Any CPU
		{7A26E20D-9FD7-4D11-B966-D84ACFAB3E70}.Release|iPhoneSimulator.Deploy.0 = Release|Any CPU
		{7A26E20D-9FD7-4D11-B966-D84ACFAB3E70}.Release|x64.ActiveCfg = Release|Any CPU
		{7A26E20D-9FD7-4D11-B966-D84ACFAB3E70}.Release|x64.Build.0 = Release|Any CPU
		{7A26E20D-9FD7-4D11-B966-D84ACFAB3E70}.Release|x64.Deploy.0 = Release|Any CPU
		{7A26E20D-9FD7-4D11-B966-D84ACFAB3E70}.Release|x86.ActiveCfg = Release|Any CPU
		{7A26E20D-9FD7-4D11-B966-D84ACFAB3E70}.Release|x86.Build.0 = Release|Any CPU
		{7A26E20D-9FD7-4D11-B966-D84ACFAB3E70}.Release|x86.Deploy.0 = Release|Any CPU
		{17ED0CC1-2CA9-49C4-B8F5-C64899EEE1A3}.Ad-Hoc|Any CPU.ActiveCfg = Ad-Hoc|iPhone
		{17ED0CC1-2CA9-49C4-B8F5-C64899EEE1A3}.Ad-Hoc|ARM.ActiveCfg = Ad-Hoc|iPhone
		{17ED0CC1-2CA9-49C4-B8F5-C64899EEE1A3}.Ad-Hoc|iPhone.ActiveCfg = Ad-Hoc|iPhone
		{17ED0CC1-2CA9-49C4-B8F5-C64899EEE1A3}.Ad-Hoc|iPhone.Build.0 = Ad-Hoc|iPhone
		{17ED0CC1-2CA9-49C4-B8F5-C64899EEE1A3}.Ad-Hoc|iPhoneSimulator.ActiveCfg = Ad-Hoc|iPhoneSimulator
		{17ED0CC1-2CA9-49C4-B8F5-C64899EEE1A3}.Ad-Hoc|iPhoneSimulator.Build.0 = Ad-Hoc|iPhoneSimulator
		{17ED0CC1-2CA9-49C4-B8F5-C64899EEE1A3}.Ad-Hoc|x64.ActiveCfg = Ad-Hoc|iPhone
		{17ED0CC1-2CA9-49C4-B8F5-C64899EEE1A3}.Ad-Hoc|x86.ActiveCfg = Ad-Hoc|iPhone
		{17ED0CC1-2CA9-49C4-B8F5-C64899EEE1A3}.AppStore|Any CPU.ActiveCfg = AppStore|iPhone
		{17ED0CC1-2CA9-49C4-B8F5-C64899EEE1A3}.AppStore|ARM.ActiveCfg = AppStore|iPhone
		{17ED0CC1-2CA9-49C4-B8F5-C64899EEE1A3}.AppStore|iPhone.ActiveCfg = AppStore|iPhone
		{17ED0CC1-2CA9-49C4-B8F5-C64899EEE1A3}.AppStore|iPhone.Build.0 = AppStore|iPhone
		{17ED0CC1-2CA9-49C4-B8F5-C64899EEE1A3}.AppStore|iPhoneSimulator.ActiveCfg = AppStore|iPhoneSimulator
		{17ED0CC1-2CA9-49C4-B8F5-C64899EEE1A3}.AppStore|iPhoneSimulator.Build.0 = AppStore|iPhoneSimulator
		{17ED0CC1-2CA9-49C4-B8F5-C64899EEE1A3}.AppStore|x64.ActiveCfg = AppStore|iPhone
		{17ED0CC1-2CA9-49C4-B8F5-C64899EEE1A3}.AppStore|x86.ActiveCfg = AppStore|iPhone
		{17ED0CC1-2CA9-49C4-B8F5-C64899EEE1A3}.Debug|Any CPU.ActiveCfg = Debug|iPhone
		{17ED0CC1-2CA9-49C4-B8F5-C64899EEE1A3}.Debug|ARM.ActiveCfg = Debug|iPhone
		{17ED0CC1-2CA9-49C4-B8F5-C64899EEE1A3}.Debug|iPhone.ActiveCfg = Debug|iPhone
		{17ED0CC1-2CA9-49C4-B8F5-C64899EEE1A3}.Debug|iPhone.Build.0 = Debug|iPhone
		{17ED0CC1-2CA9-49C4-B8F5-C64899EEE1A3}.Debug|iPhoneSimulator.ActiveCfg = Debug|iPhoneSimulator
		{17ED0CC1-2CA9-49C4-B8F5-C64899EEE1A3}.Debug|iPhoneSimulator.Build.0 = Debug|iPhoneSimulator
		{17ED0CC1-2CA9-49C4-B8F5-C64899EEE1A3}.Debug|x64.ActiveCfg = Debug|iPhone
		{17ED0CC1-2CA9-49C4-B8F5-C64899EEE1A3}.Debug|x86.ActiveCfg = Debug|iPhone
		{17ED0CC1-2CA9-49C4-B8F5-C64899EEE1A3}.Release|Any CPU.ActiveCfg = Release|iPhone
		{17ED0CC1-2CA9-49C4-B8F5-C64899EEE1A3}.Release|ARM.ActiveCfg = Release|iPhone
		{17ED0CC1-2CA9-49C4-B8F5-C64899EEE1A3}.Release|iPhone.ActiveCfg = Release|iPhone
		{17ED0CC1-2CA9-49C4-B8F5-C64899EEE1A3}.Release|iPhone.Build.0 = Release|iPhone
		{17ED0CC1-2CA9-49C4-B8F5-C64899EEE1A3}.Release|iPhoneSimulator.ActiveCfg = Release|iPhoneSimulator
		{17ED0CC1-2CA9-49C4-B8F5-C64899EEE1A3}.Release|iPhoneSimulator.Build.0 = Release|iPhoneSimulator
		{17ED0CC1-2CA9-49C4-B8F5-C64899EEE1A3}.Release|x64.ActiveCfg = Release|iPhone
		{17ED0CC1-2CA9-49C4-B8F5-C64899EEE1A3}.Release|x86.ActiveCfg = Release|iPhone
		{8B1169AC-1E87-4C09-ABA0-2CF774C04E86}.Ad-Hoc|Any CPU.ActiveCfg = Release|x86
		{8B1169AC-1E87-4C09-ABA0-2CF774C04E86}.Ad-Hoc|Any CPU.Build.0 = Release|x86
		{8B1169AC-1E87-4C09-ABA0-2CF774C04E86}.Ad-Hoc|Any CPU.Deploy.0 = Release|x86
		{8B1169AC-1E87-4C09-ABA0-2CF774C04E86}.Ad-Hoc|ARM.ActiveCfg = Release|ARM
		{8B1169AC-1E87-4C09-ABA0-2CF774C04E86}.Ad-Hoc|ARM.Build.0 = Release|ARM
		{8B1169AC-1E87-4C09-ABA0-2CF774C04E86}.Ad-Hoc|ARM.Deploy.0 = Release|ARM
		{8B1169AC-1E87-4C09-ABA0-2CF774C04E86}.Ad-Hoc|iPhone.ActiveCfg = Release|x86
		{8B1169AC-1E87-4C09-ABA0-2CF774C04E86}.Ad-Hoc|iPhone.Build.0 = Release|x86
		{8B1169AC-1E87-4C09-ABA0-2CF774C04E86}.Ad-Hoc|iPhone.Deploy.0 = Release|x86
		{8B1169AC-1E87-4C09-ABA0-2CF774C04E86}.Ad-Hoc|iPhoneSimulator.ActiveCfg = Release|x86
		{8B1169AC-1E87-4C09-ABA0-2CF774C04E86}.Ad-Hoc|iPhoneSimulator.Build.0 = Release|x86
		{8B1169AC-1E87-4C09-ABA0-2CF774C04E86}.Ad-Hoc|iPhoneSimulator.Deploy.0 = Release|x86
		{8B1169AC-1E87-4C09-ABA0-2CF774C04E86}.Ad-Hoc|x64.ActiveCfg = Release|x64
		{8B1169AC-1E87-4C09-ABA0-2CF774C04E86}.Ad-Hoc|x64.Build.0 = Release|x64
		{8B1169AC-1E87-4C09-ABA0-2CF774C04E86}.Ad-Hoc|x64.Deploy.0 = Release|x64
		{8B1169AC-1E87-4C09-ABA0-2CF774C04E86}.Ad-Hoc|x86.ActiveCfg = Release|x86
		{8B1169AC-1E87-4C09-ABA0-2CF774C04E86}.Ad-Hoc|x86.Build.0 = Release|x86
		{8B1169AC-1E87-4C09-ABA0-2CF774C04E86}.Ad-Hoc|x86.Deploy.0 = Release|x86
		{8B1169AC-1E87-4C09-ABA0-2CF774C04E86}.AppStore|Any CPU.ActiveCfg = Release|x86
		{8B1169AC-1E87-4C09-ABA0-2CF774C04E86}.AppStore|Any CPU.Build.0 = Release|x86
		{8B1169AC-1E87-4C09-ABA0-2CF774C04E86}.AppStore|Any CPU.Deploy.0 = Release|x86
		{8B1169AC-1E87-4C09-ABA0-2CF774C04E86}.AppStore|ARM.ActiveCfg = Release|ARM
		{8B1169AC-1E87-4C09-ABA0-2CF774C04E86}.AppStore|ARM.Build.0 = Release|ARM
		{8B1169AC-1E87-4C09-ABA0-2CF774C04E86}.AppStore|ARM.Deploy.0 = Release|ARM
		{8B1169AC-1E87-4C09-ABA0-2CF774C04E86}.AppStore|iPhone.ActiveCfg = Release|x86
		{8B1169AC-1E87-4C09-ABA0-2CF774C04E86}.AppStore|iPhone.Build.0 = Release|x86
		{8B1169AC-1E87-4C09-ABA0-2CF774C04E86}.AppStore|iPhone.Deploy.0 = Release|x86
		{8B1169AC-1E87-4C09-ABA0-2CF774C04E86}.AppStore|iPhoneSimulator.ActiveCfg = Release|x86
		{8B1169AC-1E87-4C09-ABA0-2CF774C04E86}.AppStore|iPhoneSimulator.Build.0 = Release|x86
		{8B1169AC-1E87-4C09-ABA0-2CF774C04E86}.AppStore|iPhoneSimulator.Deploy.0 = Release|x86
		{8B1169AC-1E87-4C09-ABA0-2CF774C04E86}.AppStore|x64.ActiveCfg = Release|x64
		{8B1169AC-1E87-4C09-ABA0-2CF774C04E86}.AppStore|x64.Build.0 = Release|x64
		{8B1169AC-1E87-4C09-ABA0-2CF774C04E86}.AppStore|x64.Deploy.0 = Release|x64
		{8B1169AC-1E87-4C09-ABA0-2CF774C04E86}.AppStore|x86.ActiveCfg = Release|x86
		{8B1169AC-1E87-4C09-ABA0-2CF774C04E86}.AppStore|x86.Build.0 = Release|x86
		{8B1169AC-1E87-4C09-ABA0-2CF774C04E86}.AppStore|x86.Deploy.0 = Release|x86
		{8B1169AC-1E87-4C09-ABA0-2CF774C04E86}.Debug|Any CPU.ActiveCfg = Debug|x86
		{8B1169AC-1E87-4C09-ABA0-2CF774C04E86}.Debug|ARM.ActiveCfg = Debug|ARM
		{8B1169AC-1E87-4C09-ABA0-2CF774C04E86}.Debug|ARM.Build.0 = Debug|ARM
		{8B1169AC-1E87-4C09-ABA0-2CF774C04E86}.Debug|ARM.Deploy.0 = Debug|ARM
		{8B1169AC-1E87-4C09-ABA0-2CF774C04E86}.Debug|iPhone.ActiveCfg = Debug|x86
		{8B1169AC-1E87-4C09-ABA0-2CF774C04E86}.Debug|iPhoneSimulator.ActiveCfg = Debug|x86
		{8B1169AC-1E87-4C09-ABA0-2CF774C04E86}.Debug|x64.ActiveCfg = Debug|x64
		{8B1169AC-1E87-4C09-ABA0-2CF774C04E86}.Debug|x64.Build.0 = Debug|x64
		{8B1169AC-1E87-4C09-ABA0-2CF774C04E86}.Debug|x64.Deploy.0 = Debug|x64
		{8B1169AC-1E87-4C09-ABA0-2CF774C04E86}.Debug|x86.ActiveCfg = Debug|x86
		{8B1169AC-1E87-4C09-ABA0-2CF774C04E86}.Debug|x86.Build.0 = Debug|x86
		{8B1169AC-1E87-4C09-ABA0-2CF774C04E86}.Debug|x86.Deploy.0 = Debug|x86
		{8B1169AC-1E87-4C09-ABA0-2CF774C04E86}.Release|Any CPU.ActiveCfg = Release|x86
		{8B1169AC-1E87-4C09-ABA0-2CF774C04E86}.Release|ARM.ActiveCfg = Release|ARM
		{8B1169AC-1E87-4C09-ABA0-2CF774C04E86}.Release|ARM.Build.0 = Release|ARM
		{8B1169AC-1E87-4C09-ABA0-2CF774C04E86}.Release|ARM.Deploy.0 = Release|ARM
		{8B1169AC-1E87-4C09-ABA0-2CF774C04E86}.Release|iPhone.ActiveCfg = Release|x86
		{8B1169AC-1E87-4C09-ABA0-2CF774C04E86}.Release|iPhoneSimulator.ActiveCfg = Release|x86
		{8B1169AC-1E87-4C09-ABA0-2CF774C04E86}.Release|x64.ActiveCfg = Release|x64
		{8B1169AC-1E87-4C09-ABA0-2CF774C04E86}.Release|x64.Build.0 = Release|x64
		{8B1169AC-1E87-4C09-ABA0-2CF774C04E86}.Release|x64.Deploy.0 = Release|x64
		{8B1169AC-1E87-4C09-ABA0-2CF774C04E86}.Release|x86.ActiveCfg = Release|x86
		{8B1169AC-1E87-4C09-ABA0-2CF774C04E86}.Release|x86.Build.0 = Release|x86
		{8B1169AC-1E87-4C09-ABA0-2CF774C04E86}.Release|x86.Deploy.0 = Release|x86
		{F98D2A7A-0238-45DF-A82A-21050AD23CDD}.Ad-Hoc|Any CPU.ActiveCfg = Debug|Any CPU
		{F98D2A7A-0238-45DF-A82A-21050AD23CDD}.Ad-Hoc|Any CPU.Build.0 = Debug|Any CPU
		{F98D2A7A-0238-45DF-A82A-21050AD23CDD}.Ad-Hoc|ARM.ActiveCfg = Debug|Any CPU
		{F98D2A7A-0238-45DF-A82A-21050AD23CDD}.Ad-Hoc|ARM.Build.0 = Debug|Any CPU
		{F98D2A7A-0238-45DF-A82A-21050AD23CDD}.Ad-Hoc|iPhone.ActiveCfg = Debug|Any CPU
		{F98D2A7A-0238-45DF-A82A-21050AD23CDD}.Ad-Hoc|iPhone.Build.0 = Debug|Any CPU
		{F98D2A7A-0238-45DF-A82A-21050AD23CDD}.Ad-Hoc|iPhoneSimulator.ActiveCfg = Debug|Any CPU
		{F98D2A7A-0238-45DF-A82A-21050AD23CDD}.Ad-Hoc|iPhoneSimulator.Build.0 = Debug|Any CPU
		{F98D2A7A-0238-45DF-A82A-21050AD23CDD}.Ad-Hoc|x64.ActiveCfg = Debug|Any CPU
		{F98D2A7A-0238-45DF-A82A-21050AD23CDD}.Ad-Hoc|x64.Build.0 = Debug|Any CPU
		{F98D2A7A-0238-45DF-A82A-21050AD23CDD}.Ad-Hoc|x86.ActiveCfg = Debug|Any CPU
		{F98D2A7A-0238-45DF-A82A-21050AD23CDD}.Ad-Hoc|x86.Build.0 = Debug|Any CPU
		{F98D2A7A-0238-45DF-A82A-21050AD23CDD}.AppStore|Any CPU.ActiveCfg = Debug|Any CPU
		{F98D2A7A-0238-45DF-A82A-21050AD23CDD}.AppStore|Any CPU.Build.0 = Debug|Any CPU
		{F98D2A7A-0238-45DF-A82A-21050AD23CDD}.AppStore|ARM.ActiveCfg = Debug|Any CPU
		{F98D2A7A-0238-45DF-A82A-21050AD23CDD}.AppStore|ARM.Build.0 = Debug|Any CPU
		{F98D2A7A-0238-45DF-A82A-21050AD23CDD}.AppStore|iPhone.ActiveCfg = Debug|Any CPU
		{F98D2A7A-0238-45DF-A82A-21050AD23CDD}.AppStore|iPhone.Build.0 = Debug|Any CPU
		{F98D2A7A-0238-45DF-A82A-21050AD23CDD}.AppStore|iPhoneSimulator.ActiveCfg = Debug|Any CPU
		{F98D2A7A-0238-45DF-A82A-21050AD23CDD}.AppStore|iPhoneSimulator.Build.0 = Debug|Any CPU
		{F98D2A7A-0238-45DF-A82A-21050AD23CDD}.AppStore|x64.ActiveCfg = Debug|Any CPU
		{F98D2A7A-0238-45DF-A82A-21050AD23CDD}.AppStore|x64.Build.0 = Debug|Any CPU
		{F98D2A7A-0238-45DF-A82A-21050AD23CDD}.AppStore|x86.ActiveCfg = Debug|Any CPU
		{F98D2A7A-0238-45DF-A82A-21050AD23CDD}.AppStore|x86.Build.0 = Debug|Any CPU
		{F98D2A7A-0238-45DF-A82A-21050AD23CDD}.Debug|Any CPU.ActiveCfg = Debug|Any CPU
		{F98D2A7A-0238-45DF-A82A-21050AD23CDD}.Debug|Any CPU.Build.0 = Debug|Any CPU
		{F98D2A7A-0238-45DF-A82A-21050AD23CDD}.Debug|ARM.ActiveCfg = Debug|Any CPU
		{F98D2A7A-0238-45DF-A82A-21050AD23CDD}.Debug|ARM.Build.0 = Debug|Any CPU
		{F98D2A7A-0238-45DF-A82A-21050AD23CDD}.Debug|iPhone.ActiveCfg = Debug|Any CPU
		{F98D2A7A-0238-45DF-A82A-21050AD23CDD}.Debug|iPhone.Build.0 = Debug|Any CPU
		{F98D2A7A-0238-45DF-A82A-21050AD23CDD}.Debug|iPhoneSimulator.ActiveCfg = Debug|Any CPU
		{F98D2A7A-0238-45DF-A82A-21050AD23CDD}.Debug|iPhoneSimulator.Build.0 = Debug|Any CPU
		{F98D2A7A-0238-45DF-A82A-21050AD23CDD}.Debug|x64.ActiveCfg = Debug|Any CPU
		{F98D2A7A-0238-45DF-A82A-21050AD23CDD}.Debug|x64.Build.0 = Debug|Any CPU
		{F98D2A7A-0238-45DF-A82A-21050AD23CDD}.Debug|x86.ActiveCfg = Debug|Any CPU
		{F98D2A7A-0238-45DF-A82A-21050AD23CDD}.Debug|x86.Build.0 = Debug|Any CPU
		{F98D2A7A-0238-45DF-A82A-21050AD23CDD}.Release|Any CPU.ActiveCfg = Release|Any CPU
		{F98D2A7A-0238-45DF-A82A-21050AD23CDD}.Release|Any CPU.Build.0 = Release|Any CPU
		{F98D2A7A-0238-45DF-A82A-21050AD23CDD}.Release|ARM.ActiveCfg = Release|Any CPU
		{F98D2A7A-0238-45DF-A82A-21050AD23CDD}.Release|ARM.Build.0 = Release|Any CPU
		{F98D2A7A-0238-45DF-A82A-21050AD23CDD}.Release|iPhone.ActiveCfg = Release|Any CPU
		{F98D2A7A-0238-45DF-A82A-21050AD23CDD}.Release|iPhone.Build.0 = Release|Any CPU
		{F98D2A7A-0238-45DF-A82A-21050AD23CDD}.Release|iPhoneSimulator.ActiveCfg = Release|Any CPU
		{F98D2A7A-0238-45DF-A82A-21050AD23CDD}.Release|iPhoneSimulator.Build.0 = Release|Any CPU
		{F98D2A7A-0238-45DF-A82A-21050AD23CDD}.Release|x64.ActiveCfg = Release|Any CPU
		{F98D2A7A-0238-45DF-A82A-21050AD23CDD}.Release|x64.Build.0 = Release|Any CPU
		{F98D2A7A-0238-45DF-A82A-21050AD23CDD}.Release|x86.ActiveCfg = Release|Any CPU
		{F98D2A7A-0238-45DF-A82A-21050AD23CDD}.Release|x86.Build.0 = Release|Any CPU
		{5F8EB016-E627-4D31-9655-694A3BAB9EB4}.Ad-Hoc|Any CPU.ActiveCfg = Debug|Any CPU
		{5F8EB016-E627-4D31-9655-694A3BAB9EB4}.Ad-Hoc|Any CPU.Build.0 = Debug|Any CPU
		{5F8EB016-E627-4D31-9655-694A3BAB9EB4}.Ad-Hoc|ARM.ActiveCfg = Debug|Any CPU
		{5F8EB016-E627-4D31-9655-694A3BAB9EB4}.Ad-Hoc|ARM.Build.0 = Debug|Any CPU
		{5F8EB016-E627-4D31-9655-694A3BAB9EB4}.Ad-Hoc|iPhone.ActiveCfg = Debug|Any CPU
		{5F8EB016-E627-4D31-9655-694A3BAB9EB4}.Ad-Hoc|iPhone.Build.0 = Debug|Any CPU
		{5F8EB016-E627-4D31-9655-694A3BAB9EB4}.Ad-Hoc|iPhoneSimulator.ActiveCfg = Debug|Any CPU
		{5F8EB016-E627-4D31-9655-694A3BAB9EB4}.Ad-Hoc|iPhoneSimulator.Build.0 = Debug|Any CPU
		{5F8EB016-E627-4D31-9655-694A3BAB9EB4}.Ad-Hoc|x64.ActiveCfg = Debug|Any CPU
		{5F8EB016-E627-4D31-9655-694A3BAB9EB4}.Ad-Hoc|x64.Build.0 = Debug|Any CPU
		{5F8EB016-E627-4D31-9655-694A3BAB9EB4}.Ad-Hoc|x86.ActiveCfg = Debug|Any CPU
		{5F8EB016-E627-4D31-9655-694A3BAB9EB4}.Ad-Hoc|x86.Build.0 = Debug|Any CPU
		{5F8EB016-E627-4D31-9655-694A3BAB9EB4}.AppStore|Any CPU.ActiveCfg = Debug|Any CPU
		{5F8EB016-E627-4D31-9655-694A3BAB9EB4}.AppStore|Any CPU.Build.0 = Debug|Any CPU
		{5F8EB016-E627-4D31-9655-694A3BAB9EB4}.AppStore|ARM.ActiveCfg = Debug|Any CPU
		{5F8EB016-E627-4D31-9655-694A3BAB9EB4}.AppStore|ARM.Build.0 = Debug|Any CPU
		{5F8EB016-E627-4D31-9655-694A3BAB9EB4}.AppStore|iPhone.ActiveCfg = Debug|Any CPU
		{5F8EB016-E627-4D31-9655-694A3BAB9EB4}.AppStore|iPhone.Build.0 = Debug|Any CPU
		{5F8EB016-E627-4D31-9655-694A3BAB9EB4}.AppStore|iPhoneSimulator.ActiveCfg = Debug|Any CPU
		{5F8EB016-E627-4D31-9655-694A3BAB9EB4}.AppStore|iPhoneSimulator.Build.0 = Debug|Any CPU
		{5F8EB016-E627-4D31-9655-694A3BAB9EB4}.AppStore|x64.ActiveCfg = Debug|Any CPU
		{5F8EB016-E627-4D31-9655-694A3BAB9EB4}.AppStore|x64.Build.0 = Debug|Any CPU
		{5F8EB016-E627-4D31-9655-694A3BAB9EB4}.AppStore|x86.ActiveCfg = Debug|Any CPU
		{5F8EB016-E627-4D31-9655-694A3BAB9EB4}.AppStore|x86.Build.0 = Debug|Any CPU
		{5F8EB016-E627-4D31-9655-694A3BAB9EB4}.Debug|Any CPU.ActiveCfg = Debug|Any CPU
		{5F8EB016-E627-4D31-9655-694A3BAB9EB4}.Debug|Any CPU.Build.0 = Debug|Any CPU
		{5F8EB016-E627-4D31-9655-694A3BAB9EB4}.Debug|ARM.ActiveCfg = Debug|Any CPU
		{5F8EB016-E627-4D31-9655-694A3BAB9EB4}.Debug|ARM.Build.0 = Debug|Any CPU
		{5F8EB016-E627-4D31-9655-694A3BAB9EB4}.Debug|iPhone.ActiveCfg = Debug|Any CPU
		{5F8EB016-E627-4D31-9655-694A3BAB9EB4}.Debug|iPhone.Build.0 = Debug|Any CPU
		{5F8EB016-E627-4D31-9655-694A3BAB9EB4}.Debug|iPhoneSimulator.ActiveCfg = Debug|Any CPU
		{5F8EB016-E627-4D31-9655-694A3BAB9EB4}.Debug|iPhoneSimulator.Build.0 = Debug|Any CPU
		{5F8EB016-E627-4D31-9655-694A3BAB9EB4}.Debug|x64.ActiveCfg = Debug|Any CPU
		{5F8EB016-E627-4D31-9655-694A3BAB9EB4}.Debug|x64.Build.0 = Debug|Any CPU
		{5F8EB016-E627-4D31-9655-694A3BAB9EB4}.Debug|x86.ActiveCfg = Debug|Any CPU
		{5F8EB016-E627-4D31-9655-694A3BAB9EB4}.Debug|x86.Build.0 = Debug|Any CPU
		{5F8EB016-E627-4D31-9655-694A3BAB9EB4}.Release|Any CPU.ActiveCfg = Release|Any CPU
		{5F8EB016-E627-4D31-9655-694A3BAB9EB4}.Release|Any CPU.Build.0 = Release|Any CPU
		{5F8EB016-E627-4D31-9655-694A3BAB9EB4}.Release|ARM.ActiveCfg = Release|Any CPU
		{5F8EB016-E627-4D31-9655-694A3BAB9EB4}.Release|ARM.Build.0 = Release|Any CPU
		{5F8EB016-E627-4D31-9655-694A3BAB9EB4}.Release|iPhone.ActiveCfg = Release|Any CPU
		{5F8EB016-E627-4D31-9655-694A3BAB9EB4}.Release|iPhone.Build.0 = Release|Any CPU
		{5F8EB016-E627-4D31-9655-694A3BAB9EB4}.Release|iPhoneSimulator.ActiveCfg = Release|Any CPU
		{5F8EB016-E627-4D31-9655-694A3BAB9EB4}.Release|iPhoneSimulator.Build.0 = Release|Any CPU
		{5F8EB016-E627-4D31-9655-694A3BAB9EB4}.Release|x64.ActiveCfg = Release|Any CPU
		{5F8EB016-E627-4D31-9655-694A3BAB9EB4}.Release|x64.Build.0 = Release|Any CPU
		{5F8EB016-E627-4D31-9655-694A3BAB9EB4}.Release|x86.ActiveCfg = Release|Any CPU
		{5F8EB016-E627-4D31-9655-694A3BAB9EB4}.Release|x86.Build.0 = Release|Any CPU
		{CC2EEE11-2FE3-4F93-A921-10D262CE687E}.Ad-Hoc|Any CPU.ActiveCfg = Release|Any CPU
		{CC2EEE11-2FE3-4F93-A921-10D262CE687E}.Ad-Hoc|Any CPU.Build.0 = Release|Any CPU
		{CC2EEE11-2FE3-4F93-A921-10D262CE687E}.Ad-Hoc|ARM.ActiveCfg = Release|Any CPU
		{CC2EEE11-2FE3-4F93-A921-10D262CE687E}.Ad-Hoc|ARM.Build.0 = Release|Any CPU
		{CC2EEE11-2FE3-4F93-A921-10D262CE687E}.Ad-Hoc|iPhone.ActiveCfg = Release|Any CPU
		{CC2EEE11-2FE3-4F93-A921-10D262CE687E}.Ad-Hoc|iPhone.Build.0 = Release|Any CPU
		{CC2EEE11-2FE3-4F93-A921-10D262CE687E}.Ad-Hoc|iPhoneSimulator.ActiveCfg = Release|Any CPU
		{CC2EEE11-2FE3-4F93-A921-10D262CE687E}.Ad-Hoc|iPhoneSimulator.Build.0 = Release|Any CPU
		{CC2EEE11-2FE3-4F93-A921-10D262CE687E}.Ad-Hoc|x64.ActiveCfg = Release|Any CPU
		{CC2EEE11-2FE3-4F93-A921-10D262CE687E}.Ad-Hoc|x64.Build.0 = Release|Any CPU
		{CC2EEE11-2FE3-4F93-A921-10D262CE687E}.Ad-Hoc|x86.ActiveCfg = Release|Any CPU
		{CC2EEE11-2FE3-4F93-A921-10D262CE687E}.Ad-Hoc|x86.Build.0 = Release|Any CPU
		{CC2EEE11-2FE3-4F93-A921-10D262CE687E}.AppStore|Any CPU.ActiveCfg = Release|Any CPU
		{CC2EEE11-2FE3-4F93-A921-10D262CE687E}.AppStore|Any CPU.Build.0 = Release|Any CPU
		{CC2EEE11-2FE3-4F93-A921-10D262CE687E}.AppStore|ARM.ActiveCfg = Release|Any CPU
		{CC2EEE11-2FE3-4F93-A921-10D262CE687E}.AppStore|ARM.Build.0 = Release|Any CPU
		{CC2EEE11-2FE3-4F93-A921-10D262CE687E}.AppStore|iPhone.ActiveCfg = Release|Any CPU
		{CC2EEE11-2FE3-4F93-A921-10D262CE687E}.AppStore|iPhone.Build.0 = Release|Any CPU
		{CC2EEE11-2FE3-4F93-A921-10D262CE687E}.AppStore|iPhoneSimulator.ActiveCfg = Release|Any CPU
		{CC2EEE11-2FE3-4F93-A921-10D262CE687E}.AppStore|iPhoneSimulator.Build.0 = Release|Any CPU
		{CC2EEE11-2FE3-4F93-A921-10D262CE687E}.AppStore|x64.ActiveCfg = Release|Any CPU
		{CC2EEE11-2FE3-4F93-A921-10D262CE687E}.AppStore|x64.Build.0 = Release|Any CPU
		{CC2EEE11-2FE3-4F93-A921-10D262CE687E}.AppStore|x86.ActiveCfg = Release|Any CPU
		{CC2EEE11-2FE3-4F93-A921-10D262CE687E}.AppStore|x86.Build.0 = Release|Any CPU
		{CC2EEE11-2FE3-4F93-A921-10D262CE687E}.Debug|Any CPU.ActiveCfg = Debug|Any CPU
		{CC2EEE11-2FE3-4F93-A921-10D262CE687E}.Debug|Any CPU.Build.0 = Debug|Any CPU
		{CC2EEE11-2FE3-4F93-A921-10D262CE687E}.Debug|ARM.ActiveCfg = Debug|Any CPU
		{CC2EEE11-2FE3-4F93-A921-10D262CE687E}.Debug|ARM.Build.0 = Debug|Any CPU
		{CC2EEE11-2FE3-4F93-A921-10D262CE687E}.Debug|iPhone.ActiveCfg = Debug|Any CPU
		{CC2EEE11-2FE3-4F93-A921-10D262CE687E}.Debug|iPhone.Build.0 = Debug|Any CPU
		{CC2EEE11-2FE3-4F93-A921-10D262CE687E}.Debug|iPhoneSimulator.ActiveCfg = Debug|Any CPU
		{CC2EEE11-2FE3-4F93-A921-10D262CE687E}.Debug|iPhoneSimulator.Build.0 = Debug|Any CPU
		{CC2EEE11-2FE3-4F93-A921-10D262CE687E}.Debug|x64.ActiveCfg = Debug|Any CPU
		{CC2EEE11-2FE3-4F93-A921-10D262CE687E}.Debug|x64.Build.0 = Debug|Any CPU
		{CC2EEE11-2FE3-4F93-A921-10D262CE687E}.Debug|x86.ActiveCfg = Debug|Any CPU
		{CC2EEE11-2FE3-4F93-A921-10D262CE687E}.Debug|x86.Build.0 = Debug|Any CPU
		{CC2EEE11-2FE3-4F93-A921-10D262CE687E}.Release|Any CPU.ActiveCfg = Release|Any CPU
		{CC2EEE11-2FE3-4F93-A921-10D262CE687E}.Release|Any CPU.Build.0 = Release|Any CPU
		{CC2EEE11-2FE3-4F93-A921-10D262CE687E}.Release|ARM.ActiveCfg = Release|Any CPU
		{CC2EEE11-2FE3-4F93-A921-10D262CE687E}.Release|ARM.Build.0 = Release|Any CPU
		{CC2EEE11-2FE3-4F93-A921-10D262CE687E}.Release|iPhone.ActiveCfg = Release|Any CPU
		{CC2EEE11-2FE3-4F93-A921-10D262CE687E}.Release|iPhone.Build.0 = Release|Any CPU
		{CC2EEE11-2FE3-4F93-A921-10D262CE687E}.Release|iPhoneSimulator.ActiveCfg = Release|Any CPU
		{CC2EEE11-2FE3-4F93-A921-10D262CE687E}.Release|iPhoneSimulator.Build.0 = Release|Any CPU
		{CC2EEE11-2FE3-4F93-A921-10D262CE687E}.Release|x64.ActiveCfg = Release|Any CPU
		{CC2EEE11-2FE3-4F93-A921-10D262CE687E}.Release|x64.Build.0 = Release|Any CPU
		{CC2EEE11-2FE3-4F93-A921-10D262CE687E}.Release|x86.ActiveCfg = Release|Any CPU
		{CC2EEE11-2FE3-4F93-A921-10D262CE687E}.Release|x86.Build.0 = Release|Any CPU
	EndGlobalSection
	GlobalSection(SolutionProperties) = preSolution
		HideSolutionNode = FALSE
	EndGlobalSection
	GlobalSection(ExtensibilityGlobals) = postSolution
		SolutionGuid = {D53C7223-5812-4240-94EA-AE16C5FF9F7D}
	EndGlobalSection
EndGlobal
