
Microsoft Visual Studio Solution File, Format Version 12.00
# Visual Studio 15
VisualStudioVersion = 15.0.27428.1
MinimumVisualStudioVersion = 10.0.40219.1
Project("{9A19103F-16F7-4668-BE54-9A1E7A4F7556}") = "Diary.Model", "..\Diary.Model\Diary.Model.csproj", "{9A4ED57F-2514-443B-B179-CDE638F86CC1}"
EndProject
Project("{FAE04EC0-301F-11D3-BF4B-00C04F79EFBC}") = "Diary.Cloud", "Diary.Cloud\Diary.Cloud.csproj", "{8234AD89-26A3-40DE-B1F7-4EF252EB8121}"
EndProject
Global
	GlobalSection(SolutionConfigurationPlatforms) = preSolution
		Debug|Any CPU = Debug|Any CPU
		Release|Any CPU = Release|Any CPU
	EndGlobalSection
	GlobalSection(ProjectConfigurationPlatforms) = postSolution
		{9A4ED57F-2514-443B-B179-CDE638F86CC1}.Debug|Any CPU.ActiveCfg = Debug|Any CPU
		{9A4ED57F-2514-443B-B179-CDE638F86CC1}.Debug|Any CPU.Build.0 = Debug|Any CPU
		{9A4ED57F-2514-443B-B179-CDE638F86CC1}.Release|Any CPU.ActiveCfg = Release|Any CPU
		{9A4ED57F-2514-443B-B179-CDE638F86CC1}.Release|Any CPU.Build.0 = Release|Any CPU
		{8234AD89-26A3-40DE-B1F7-4EF252EB8121}.Debug|Any CPU.ActiveCfg = Debug|Any CPU
		{8234AD89-26A3-40DE-B1F7-4EF252EB8121}.Debug|Any CPU.Build.0 = Debug|Any CPU
		{8234AD89-26A3-40DE-B1F7-4EF252EB8121}.Release|Any CPU.ActiveCfg = Release|Any CPU
		{8234AD89-26A3-40DE-B1F7-4EF252EB8121}.Release|Any CPU.Build.0 = Release|Any CPU
	EndGlobalSection
	GlobalSection(SolutionProperties) = preSolution
		HideSolutionNode = FALSE
	EndGlobalSection
	GlobalSection(ExtensibilityGlobals) = postSolution
		SolutionGuid = {F69DDFC7-B785-4847-B193-C3C66CCDBAF4}
	EndGlobalSection
EndGlobal
